
Microsoft Visual Studio Solution File, Format Version 12.00
# Visual Studio 15
VisualStudioVersion = 15.0.28010.2019
MinimumVisualStudioVersion = 10.0.40219.1
Project("{8BC9CEB8-8B4A-11D0-8D11-00A0C91BC942}") = "HigherLowerC", "HigherLowerC\HigherLowerC.vcxproj", "{02889B83-DC81-49BD-984C-A20F13A6D3FE}"
EndProject
Global
	GlobalSection(SolutionConfigurationPlatforms) = preSolution
		Debug|x64 = Debug|x64
		Debug|x86 = Debug|x86
		Release|x64 = Release|x64
		Release|x86 = Release|x86
	EndGlobalSection
	GlobalSection(ProjectConfigurationPlatforms) = postSolution
		{02889B83-DC81-49BD-984C-A20F13A6D3FE}.Debug|x64.ActiveCfg = Debug|x64
		{02889B83-DC81-49BD-984C-A20F13A6D3FE}.Debug|x64.Build.0 = Debug|x64
		{02889B83-DC81-49BD-984C-A20F13A6D3FE}.Debug|x86.ActiveCfg = Debug|Win32
		{02889B83-DC81-49BD-984C-A20F13A6D3FE}.Debug|x86.Build.0 = Debug|Win32
		{02889B83-DC81-49BD-984C-A20F13A6D3FE}.Release|x64.ActiveCfg = Release|x64
		{02889B83-DC81-49BD-984C-A20F13A6D3FE}.Release|x64.Build.0 = Release|x64
		{02889B83-DC81-49BD-984C-A20F13A6D3FE}.Release|x86.ActiveCfg = Release|Win32
		{02889B83-DC81-49BD-984C-A20F13A6D3FE}.Release|x86.Build.0 = Release|Win32
	EndGlobalSection
	GlobalSection(SolutionProperties) = preSolution
		HideSolutionNode = FALSE
	EndGlobalSection
	GlobalSection(ExtensibilityGlobals) = postSolution
		SolutionGuid = {49244E04-DC45-4CAB-90FB-EE90E7E5118A}
	EndGlobalSection
EndGlobal
